
Microsoft Visual Studio Solution File, Format Version 12.00
# Visual Studio Version 17
VisualStudioVersion = 17.1.32421.90
MinimumVisualStudioVersion = 10.0.40219.1
Project("{FAE04EC0-301F-11D3-BF4B-00C04F79EFBC}") = "PersianTools", "PersianTools\PersianTools.csproj", "{332AB689-2C12-450D-819C-05BA2DD35284}"
EndProject
Project("{FAE04EC0-301F-11D3-BF4B-00C04F79EFBC}") = "PersianTools.Cli", "PersianTools.Cli\PersianTools.Cli.csproj", "{45F9D25B-D851-428D-9987-DA48E4AD5D21}"
EndProject
Project("{FAE04EC0-301F-11D3-BF4B-00C04F79EFBC}") = "PersianTools.Test", "PersianTools.Test\PersianTools.Test.csproj", "{D2477D05-E21F-45A9-9BB6-7A65E194A333}"
EndProject
Global
	GlobalSection(SolutionConfigurationPlatforms) = preSolution
		Debug|Any CPU = Debug|Any CPU
		Release|Any CPU = Release|Any CPU
	EndGlobalSection
	GlobalSection(ProjectConfigurationPlatforms) = postSolution
		{332AB689-2C12-450D-819C-05BA2DD35284}.Debug|Any CPU.ActiveCfg = Debug|Any CPU
		{332AB689-2C12-450D-819C-05BA2DD35284}.Debug|Any CPU.Build.0 = Debug|Any CPU
		{332AB689-2C12-450D-819C-05BA2DD35284}.Release|Any CPU.ActiveCfg = Release|Any CPU
		{332AB689-2C12-450D-819C-05BA2DD35284}.Release|Any CPU.Build.0 = Release|Any CPU
		{45F9D25B-D851-428D-9987-DA48E4AD5D21}.Debug|Any CPU.ActiveCfg = Debug|Any CPU
		{45F9D25B-D851-428D-9987-DA48E4AD5D21}.Debug|Any CPU.Build.0 = Debug|Any CPU
		{45F9D25B-D851-428D-9987-DA48E4AD5D21}.Release|Any CPU.ActiveCfg = Release|Any CPU
		{45F9D25B-D851-428D-9987-DA48E4AD5D21}.Release|Any CPU.Build.0 = Release|Any CPU
		{D2477D05-E21F-45A9-9BB6-7A65E194A333}.Debug|Any CPU.ActiveCfg = Debug|Any CPU
		{D2477D05-E21F-45A9-9BB6-7A65E194A333}.Debug|Any CPU.Build.0 = Debug|Any CPU
		{D2477D05-E21F-45A9-9BB6-7A65E194A333}.Release|Any CPU.ActiveCfg = Release|Any CPU
		{D2477D05-E21F-45A9-9BB6-7A65E194A333}.Release|Any CPU.Build.0 = Release|Any CPU
	EndGlobalSection
	GlobalSection(SolutionProperties) = preSolution
		HideSolutionNode = FALSE
	EndGlobalSection
	GlobalSection(ExtensibilityGlobals) = postSolution
		SolutionGuid = {CFA990E2-F163-4F77-AF92-7D1F83CB3D51}
	EndGlobalSection
EndGlobal
